
Microsoft Visual Studio Solution File, Format Version 12.00
# Visual Studio Version 16
VisualStudioVersion = 16.0.31321.278
MinimumVisualStudioVersion = 10.0.40219.1
Project("{8BC9CEB8-8B4A-11D0-8D11-00A0C91BC942}") = "pastemyst", "pastemyst\pastemyst.vcxproj", "{8863C4A1-AA06-40B5-AEAB-35619D097E67}"
EndProject
Project("{8BC9CEB8-8B4A-11D0-8D11-00A0C91BC942}") = "pastemyst.tests", "pastemyst.tests\pastemyst.tests.vcxproj", "{363F1469-A80F-47B0-A253-57D47B71F4AF}"
EndProject
Project("{8BC9CEB8-8B4A-11D0-8D11-00A0C91BC942}") = "pastemyst.sample", "pastemyst.sample\pastemyst.sample.vcxproj", "{4811133B-7499-498B-9DDE-A070B4C658E7}"
EndProject
Global
	GlobalSection(SolutionConfigurationPlatforms) = preSolution
		Debug|x64 = Debug|x64
		Debug|x86 = Debug|x86
		Release|x64 = Release|x64
		Release|x86 = Release|x86
	EndGlobalSection
	GlobalSection(ProjectConfigurationPlatforms) = postSolution
		{8863C4A1-AA06-40B5-AEAB-35619D097E67}.Debug|x64.ActiveCfg = Debug|x64
		{8863C4A1-AA06-40B5-AEAB-35619D097E67}.Debug|x64.Build.0 = Debug|x64
		{8863C4A1-AA06-40B5-AEAB-35619D097E67}.Debug|x86.ActiveCfg = Debug|Win32
		{8863C4A1-AA06-40B5-AEAB-35619D097E67}.Debug|x86.Build.0 = Debug|Win32
		{8863C4A1-AA06-40B5-AEAB-35619D097E67}.Release|x64.ActiveCfg = Release|x64
		{8863C4A1-AA06-40B5-AEAB-35619D097E67}.Release|x64.Build.0 = Release|x64
		{8863C4A1-AA06-40B5-AEAB-35619D097E67}.Release|x86.ActiveCfg = Release|Win32
		{8863C4A1-AA06-40B5-AEAB-35619D097E67}.Release|x86.Build.0 = Release|Win32
		{363F1469-A80F-47B0-A253-57D47B71F4AF}.Debug|x64.ActiveCfg = Debug|x64
		{363F1469-A80F-47B0-A253-57D47B71F4AF}.Debug|x64.Build.0 = Debug|x64
		{363F1469-A80F-47B0-A253-57D47B71F4AF}.Debug|x86.ActiveCfg = Debug|Win32
		{363F1469-A80F-47B0-A253-57D47B71F4AF}.Debug|x86.Build.0 = Debug|Win32
		{363F1469-A80F-47B0-A253-57D47B71F4AF}.Release|x64.ActiveCfg = Release|x64
		{363F1469-A80F-47B0-A253-57D47B71F4AF}.Release|x64.Build.0 = Release|x64
		{363F1469-A80F-47B0-A253-57D47B71F4AF}.Release|x86.ActiveCfg = Release|Win32
		{363F1469-A80F-47B0-A253-57D47B71F4AF}.Release|x86.Build.0 = Release|Win32
		{4811133B-7499-498B-9DDE-A070B4C658E7}.Debug|x64.ActiveCfg = Debug|x64
		{4811133B-7499-498B-9DDE-A070B4C658E7}.Debug|x64.Build.0 = Debug|x64
		{4811133B-7499-498B-9DDE-A070B4C658E7}.Debug|x86.ActiveCfg = Debug|Win32
		{4811133B-7499-498B-9DDE-A070B4C658E7}.Debug|x86.Build.0 = Debug|Win32
		{4811133B-7499-498B-9DDE-A070B4C658E7}.Release|x64.ActiveCfg = Release|x64
		{4811133B-7499-498B-9DDE-A070B4C658E7}.Release|x64.Build.0 = Release|x64
		{4811133B-7499-498B-9DDE-A070B4C658E7}.Release|x86.ActiveCfg = Release|Win32
		{4811133B-7499-498B-9DDE-A070B4C658E7}.Release|x86.Build.0 = Release|Win32
	EndGlobalSection
	GlobalSection(SolutionProperties) = preSolution
		HideSolutionNode = FALSE
	EndGlobalSection
	GlobalSection(ExtensibilityGlobals) = postSolution
		SolutionGuid = {75DB69D2-D2C5-4FDF-BD89-46F9D852D6E1}
	EndGlobalSection
EndGlobal
