
Microsoft Visual Studio Solution File, Format Version 12.00
# Visual Studio Version 16
VisualStudioVersion = 16.0.31321.278
MinimumVisualStudioVersion = 10.0.40219.1
Project("{8BC9CEB8-8B4A-11D0-8D11-00A0C91BC942}") = "pastemyst", "pastemyst\pastemyst.vcxproj", "{0D18088C-6F8E-4E25-9771-CFCF8CE5F2F8}"
EndProject
Project("{8BC9CEB8-8B4A-11D0-8D11-00A0C91BC942}") = "pastemyst.tests", "pastemyst.tests\pastemyst.tests.vcxproj", "{918227EA-1234-4EFE-AF60-5446038E5B6D}"
EndProject
Project("{8BC9CEB8-8B4A-11D0-8D11-00A0C91BC942}") = "pastemyst.sample", "pastemyst.sample\pastemyst.sample.vcxproj", "{712EB7D1-20FF-4A13-9BC0-BD33AD607644}"
EndProject
Global
	GlobalSection(SolutionConfigurationPlatforms) = preSolution
		Debug|x64 = Debug|x64
		Debug|x86 = Debug|x86
		Release|x64 = Release|x64
		Release|x86 = Release|x86
	EndGlobalSection
	GlobalSection(ProjectConfigurationPlatforms) = postSolution
		{0D18088C-6F8E-4E25-9771-CFCF8CE5F2F8}.Debug|x64.ActiveCfg = Debug|x64
		{0D18088C-6F8E-4E25-9771-CFCF8CE5F2F8}.Debug|x64.Build.0 = Debug|x64
		{0D18088C-6F8E-4E25-9771-CFCF8CE5F2F8}.Debug|x86.ActiveCfg = Debug|Win32
		{0D18088C-6F8E-4E25-9771-CFCF8CE5F2F8}.Debug|x86.Build.0 = Debug|Win32
		{0D18088C-6F8E-4E25-9771-CFCF8CE5F2F8}.Release|x64.ActiveCfg = Release|x64
		{0D18088C-6F8E-4E25-9771-CFCF8CE5F2F8}.Release|x64.Build.0 = Release|x64
		{0D18088C-6F8E-4E25-9771-CFCF8CE5F2F8}.Release|x86.ActiveCfg = Release|Win32
		{0D18088C-6F8E-4E25-9771-CFCF8CE5F2F8}.Release|x86.Build.0 = Release|Win32
		{918227EA-1234-4EFE-AF60-5446038E5B6D}.Debug|x64.ActiveCfg = Debug|x64
		{918227EA-1234-4EFE-AF60-5446038E5B6D}.Debug|x64.Build.0 = Debug|x64
		{918227EA-1234-4EFE-AF60-5446038E5B6D}.Debug|x86.ActiveCfg = Debug|Win32
		{918227EA-1234-4EFE-AF60-5446038E5B6D}.Debug|x86.Build.0 = Debug|Win32
		{918227EA-1234-4EFE-AF60-5446038E5B6D}.Release|x64.ActiveCfg = Release|x64
		{918227EA-1234-4EFE-AF60-5446038E5B6D}.Release|x64.Build.0 = Release|x64
		{918227EA-1234-4EFE-AF60-5446038E5B6D}.Release|x86.ActiveCfg = Release|Win32
		{918227EA-1234-4EFE-AF60-5446038E5B6D}.Release|x86.Build.0 = Release|Win32
		{712EB7D1-20FF-4A13-9BC0-BD33AD607644}.Debug|x64.ActiveCfg = Debug|x64
		{712EB7D1-20FF-4A13-9BC0-BD33AD607644}.Debug|x64.Build.0 = Debug|x64
		{712EB7D1-20FF-4A13-9BC0-BD33AD607644}.Debug|x86.ActiveCfg = Debug|Win32
		{712EB7D1-20FF-4A13-9BC0-BD33AD607644}.Debug|x86.Build.0 = Debug|Win32
		{712EB7D1-20FF-4A13-9BC0-BD33AD607644}.Release|x64.ActiveCfg = Release|x64
		{712EB7D1-20FF-4A13-9BC0-BD33AD607644}.Release|x64.Build.0 = Release|x64
		{712EB7D1-20FF-4A13-9BC0-BD33AD607644}.Release|x86.ActiveCfg = Release|Win32
		{712EB7D1-20FF-4A13-9BC0-BD33AD607644}.Release|x86.Build.0 = Release|Win32
	EndGlobalSection
	GlobalSection(SolutionProperties) = preSolution
		HideSolutionNode = FALSE
	EndGlobalSection
	GlobalSection(ExtensibilityGlobals) = postSolution
		SolutionGuid = {DC99D35D-764E-45EC-B806-FF29FB78786F}
	EndGlobalSection
EndGlobal
